// !$*UTF8*$!
{
	archiveVersion = 1;
	classes = {
	};
	objectVersion = 46;
	objects = {

/* Begin PBXBuildFile section */
		7A2FB0621D8B5B6C0015D09B /* OpenSans-Bold.ttf in Resources */ = {isa = PBXBuildFile; fileRef = 7A2FB0581D8B5B6C0015D09B /* OpenSans-Bold.ttf */; };
		7A2FB0631D8B5B6C0015D09B /* OpenSans-BoldItalic.ttf in Resources */ = {isa = PBXBuildFile; fileRef = 7A2FB0591D8B5B6C0015D09B /* OpenSans-BoldItalic.ttf */; };
		7A2FB0641D8B5B6C0015D09B /* OpenSans-ExtraBold.ttf in Resources */ = {isa = PBXBuildFile; fileRef = 7A2FB05A1D8B5B6C0015D09B /* OpenSans-ExtraBold.ttf */; };
		7A2FB0651D8B5B6C0015D09B /* OpenSans-ExtraBoldItalic.ttf in Resources */ = {isa = PBXBuildFile; fileRef = 7A2FB05B1D8B5B6C0015D09B /* OpenSans-ExtraBoldItalic.ttf */; };
		7A2FB0661D8B5B6C0015D09B /* OpenSans-Italic.ttf in Resources */ = {isa = PBXBuildFile; fileRef = 7A2FB05C1D8B5B6C0015D09B /* OpenSans-Italic.ttf */; };
		7A2FB0671D8B5B6C0015D09B /* OpenSans-Light.ttf in Resources */ = {isa = PBXBuildFile; fileRef = 7A2FB05D1D8B5B6C0015D09B /* OpenSans-Light.ttf */; };
		7A2FB0681D8B5B6C0015D09B /* OpenSans-LightItalic.ttf in Resources */ = {isa = PBXBuildFile; fileRef = 7A2FB05E1D8B5B6C0015D09B /* OpenSans-LightItalic.ttf */; };
		7A2FB0691D8B5B6C0015D09B /* OpenSans-Regular.ttf in Resources */ = {isa = PBXBuildFile; fileRef = 7A2FB05F1D8B5B6C0015D09B /* OpenSans-Regular.ttf */; };
		7A2FB06A1D8B5B6C0015D09B /* OpenSans-Semibold.ttf in Resources */ = {isa = PBXBuildFile; fileRef = 7A2FB0601D8B5B6C0015D09B /* OpenSans-Semibold.ttf */; };
		7A2FB06B1D8B5B6C0015D09B /* OpenSans-SemiboldItalic.ttf in Resources */ = {isa = PBXBuildFile; fileRef = 7A2FB0611D8B5B6C0015D09B /* OpenSans-SemiboldItalic.ttf */; };
		7A3CC48D1D667896007013AB /* AppDelegate.swift in Sources */ = {isa = PBXBuildFile; fileRef = 7A3CC48C1D667896007013AB /* AppDelegate.swift */; };
		7A3CC48F1D667896007013AB /* ViewController.swift in Sources */ = {isa = PBXBuildFile; fileRef = 7A3CC48E1D667896007013AB /* ViewController.swift */; };
		7A3CC4921D667896007013AB /* Main.storyboard in Resources */ = {isa = PBXBuildFile; fileRef = 7A3CC4901D667896007013AB /* Main.storyboard */; };
		7A3CC4941D667896007013AB /* Assets.xcassets in Resources */ = {isa = PBXBuildFile; fileRef = 7A3CC4931D667896007013AB /* Assets.xcassets */; };
		7A3CC4971D667896007013AB /* LaunchScreen.storyboard in Resources */ = {isa = PBXBuildFile; fileRef = 7A3CC4951D667896007013AB /* LaunchScreen.storyboard */; };
		7A3CC4A21D667896007013AB /* FTC_Scouting_AppTests.swift in Sources */ = {isa = PBXBuildFile; fileRef = 7A3CC4A11D667896007013AB /* FTC_Scouting_AppTests.swift */; };
		7A3CC4AD1D667896007013AB /* FTC_Scouting_AppUITests.swift in Sources */ = {isa = PBXBuildFile; fileRef = 7A3CC4AC1D667896007013AB /* FTC_Scouting_AppUITests.swift */; };
		7A4DEF3E1DC7BE4000212805 /* TeamTableViewCell.swift in Sources */ = {isa = PBXBuildFile; fileRef = 7A4DEF3D1DC7BE4000212805 /* TeamTableViewCell.swift */; };
		7A8393B41D9EDC200073A89A /* SignUpViewController.swift in Sources */ = {isa = PBXBuildFile; fileRef = 7A8393B31D9EDC200073A89A /* SignUpViewController.swift */; };
		7AA3120C1E27E79300607FAA /* FBSDKCoreKit.framework in Frameworks */ = {isa = PBXBuildFile; fileRef = 7AA3120A1E27E79300607FAA /* FBSDKCoreKit.framework */; };
		7AA3120D1E27E79300607FAA /* FBSDKLoginKit.framework in Frameworks */ = {isa = PBXBuildFile; fileRef = 7AA3120B1E27E79300607FAA /* FBSDKLoginKit.framework */; };
		7AAB5D561DBA76B9002762AA /* Toolbar1TableViewCell.swift in Sources */ = {isa = PBXBuildFile; fileRef = 7AAB5D551DBA76B9002762AA /* Toolbar1TableViewCell.swift */; };
		7AD6BE311DA2998E00EEA481 /* TeamsViewController.swift in Sources */ = {isa = PBXBuildFile; fileRef = 7AD6BE301DA2998E00EEA481 /* TeamsViewController.swift */; };
		7AD6BE331DA299C700EEA481 /* AddTeamViewController.swift in Sources */ = {isa = PBXBuildFile; fileRef = 7AD6BE321DA299C700EEA481 /* AddTeamViewController.swift */; };
		7AD6BE351DA29A2D00EEA481 /* JoinTeamViewController.swift in Sources */ = {isa = PBXBuildFile; fileRef = 7AD6BE341DA29A2D00EEA481 /* JoinTeamViewController.swift */; };
		7AD6BE371DA29EA900EEA481 /* NewMatchViewController.swift in Sources */ = {isa = PBXBuildFile; fileRef = 7AD6BE361DA29EA900EEA481 /* NewMatchViewController.swift */; };
		7AD6BE391DA29ECA00EEA481 /* HomeViewController.swift in Sources */ = {isa = PBXBuildFile; fileRef = 7AD6BE381DA29ECA00EEA481 /* HomeViewController.swift */; };
		7AD6BE411DA29FB600EEA481 /* TeamSettingsViewController.swift in Sources */ = {isa = PBXBuildFile; fileRef = 7AD6BE401DA29FB600EEA481 /* TeamSettingsViewController.swift */; };
		7AD6BE431DA2A27900EEA481 /* RankingViewController.swift in Sources */ = {isa = PBXBuildFile; fileRef = 7AD6BE421DA2A27900EEA481 /* RankingViewController.swift */; };
		7AD6BE451DA2A29800EEA481 /* ViewMatchViewController.swift in Sources */ = {isa = PBXBuildFile; fileRef = 7AD6BE441DA2A29800EEA481 /* ViewMatchViewController.swift */; };
		7AD6BE471DA2A2AD00EEA481 /* EditMatchViewController.swift in Sources */ = {isa = PBXBuildFile; fileRef = 7AD6BE461DA2A2AD00EEA481 /* EditMatchViewController.swift */; };
		7ADEC1251DB9D6D000E1EDB2 /* OpenPageViewController.swift in Sources */ = {isa = PBXBuildFile; fileRef = 7ADEC1241DB9D6D000E1EDB2 /* OpenPageViewController.swift */; };
		7AE79D4C1D8B5CCC003F3EF4 /* GoogleService-Info.plist in Resources */ = {isa = PBXBuildFile; fileRef = 7AE79D4B1D8B5CCC003F3EF4 /* GoogleService-Info.plist */; };
		7AFE09961D8C547A0024E3C2 /* LoginViewController.swift in Sources */ = {isa = PBXBuildFile; fileRef = 7AFE09951D8C547A0024E3C2 /* LoginViewController.swift */; };
/* End PBXBuildFile section */

/* Begin PBXContainerItemProxy section */
		7A3CC49E1D667896007013AB /* PBXContainerItemProxy */ = {
			isa = PBXContainerItemProxy;
			containerPortal = 7A3CC4811D667896007013AB /* Project object */;
			proxyType = 1;
			remoteGlobalIDString = 7A3CC4881D667896007013AB;
			remoteInfo = "FTC Scouting App";
		};
		7A3CC4A91D667896007013AB /* PBXContainerItemProxy */ = {
			isa = PBXContainerItemProxy;
			containerPortal = 7A3CC4811D667896007013AB /* Project object */;
			proxyType = 1;
			remoteGlobalIDString = 7A3CC4881D667896007013AB;
			remoteInfo = "FTC Scouting App";
		};
/* End PBXContainerItemProxy section */

/* Begin PBXFileReference section */
		7A2FB0581D8B5B6C0015D09B /* OpenSans-Bold.ttf */ = {isa = PBXFileReference; lastKnownFileType = file; path = "OpenSans-Bold.ttf"; sourceTree = "<group>"; };
		7A2FB0591D8B5B6C0015D09B /* OpenSans-BoldItalic.ttf */ = {isa = PBXFileReference; lastKnownFileType = file; path = "OpenSans-BoldItalic.ttf"; sourceTree = "<group>"; };
		7A2FB05A1D8B5B6C0015D09B /* OpenSans-ExtraBold.ttf */ = {isa = PBXFileReference; lastKnownFileType = file; path = "OpenSans-ExtraBold.ttf"; sourceTree = "<group>"; };
		7A2FB05B1D8B5B6C0015D09B /* OpenSans-ExtraBoldItalic.ttf */ = {isa = PBXFileReference; lastKnownFileType = file; path = "OpenSans-ExtraBoldItalic.ttf"; sourceTree = "<group>"; };
		7A2FB05C1D8B5B6C0015D09B /* OpenSans-Italic.ttf */ = {isa = PBXFileReference; lastKnownFileType = file; path = "OpenSans-Italic.ttf"; sourceTree = "<group>"; };
		7A2FB05D1D8B5B6C0015D09B /* OpenSans-Light.ttf */ = {isa = PBXFileReference; lastKnownFileType = file; path = "OpenSans-Light.ttf"; sourceTree = "<group>"; };
		7A2FB05E1D8B5B6C0015D09B /* OpenSans-LightItalic.ttf */ = {isa = PBXFileReference; lastKnownFileType = file; path = "OpenSans-LightItalic.ttf"; sourceTree = "<group>"; };
		7A2FB05F1D8B5B6C0015D09B /* OpenSans-Regular.ttf */ = {isa = PBXFileReference; lastKnownFileType = file; path = "OpenSans-Regular.ttf"; sourceTree = "<group>"; };
		7A2FB0601D8B5B6C0015D09B /* OpenSans-Semibold.ttf */ = {isa = PBXFileReference; lastKnownFileType = file; path = "OpenSans-Semibold.ttf"; sourceTree = "<group>"; };
		7A2FB0611D8B5B6C0015D09B /* OpenSans-SemiboldItalic.ttf */ = {isa = PBXFileReference; lastKnownFileType = file; path = "OpenSans-SemiboldItalic.ttf"; sourceTree = "<group>"; };
		7A3CC4891D667896007013AB /* FTC Scouting App.app */ = {isa = PBXFileReference; explicitFileType = wrapper.application; includeInIndex = 0; path = "FTC Scouting App.app"; sourceTree = BUILT_PRODUCTS_DIR; };
		7A3CC48C1D667896007013AB /* AppDelegate.swift */ = {isa = PBXFileReference; lastKnownFileType = sourcecode.swift; path = AppDelegate.swift; sourceTree = "<group>"; };
		7A3CC48E1D667896007013AB /* ViewController.swift */ = {isa = PBXFileReference; lastKnownFileType = sourcecode.swift; path = ViewController.swift; sourceTree = "<group>"; };
		7A3CC4911D667896007013AB /* Base */ = {isa = PBXFileReference; lastKnownFileType = file.storyboard; name = Base; path = Base.lproj/Main.storyboard; sourceTree = "<group>"; };
		7A3CC4931D667896007013AB /* Assets.xcassets */ = {isa = PBXFileReference; lastKnownFileType = folder.assetcatalog; path = Assets.xcassets; sourceTree = "<group>"; };
		7A3CC4961D667896007013AB /* Base */ = {isa = PBXFileReference; lastKnownFileType = file.storyboard; name = Base; path = Base.lproj/LaunchScreen.storyboard; sourceTree = "<group>"; };
		7A3CC4981D667896007013AB /* Info.plist */ = {isa = PBXFileReference; lastKnownFileType = text.plist.xml; path = Info.plist; sourceTree = "<group>"; };
		7A3CC49D1D667896007013AB /* FTC Scouting AppTests.xctest */ = {isa = PBXFileReference; explicitFileType = wrapper.cfbundle; includeInIndex = 0; path = "FTC Scouting AppTests.xctest"; sourceTree = BUILT_PRODUCTS_DIR; };
		7A3CC4A11D667896007013AB /* FTC_Scouting_AppTests.swift */ = {isa = PBXFileReference; lastKnownFileType = sourcecode.swift; path = FTC_Scouting_AppTests.swift; sourceTree = "<group>"; };
		7A3CC4A31D667896007013AB /* Info.plist */ = {isa = PBXFileReference; lastKnownFileType = text.plist.xml; path = Info.plist; sourceTree = "<group>"; };
		7A3CC4A81D667896007013AB /* FTC Scouting AppUITests.xctest */ = {isa = PBXFileReference; explicitFileType = wrapper.cfbundle; includeInIndex = 0; path = "FTC Scouting AppUITests.xctest"; sourceTree = BUILT_PRODUCTS_DIR; };
		7A3CC4AC1D667896007013AB /* FTC_Scouting_AppUITests.swift */ = {isa = PBXFileReference; lastKnownFileType = sourcecode.swift; path = FTC_Scouting_AppUITests.swift; sourceTree = "<group>"; };
		7A3CC4AE1D667896007013AB /* Info.plist */ = {isa = PBXFileReference; lastKnownFileType = text.plist.xml; path = Info.plist; sourceTree = "<group>"; };
		7A4DEF3D1DC7BE4000212805 /* TeamTableViewCell.swift */ = {isa = PBXFileReference; fileEncoding = 4; lastKnownFileType = sourcecode.swift; path = TeamTableViewCell.swift; sourceTree = "<group>"; };
		7A8393B31D9EDC200073A89A /* SignUpViewController.swift */ = {isa = PBXFileReference; fileEncoding = 4; lastKnownFileType = sourcecode.swift; path = SignUpViewController.swift; sourceTree = "<group>"; };
		7AA3120A1E27E79300607FAA /* FBSDKCoreKit.framework */ = {isa = PBXFileReference; lastKnownFileType = wrapper.framework; name = FBSDKCoreKit.framework; path = "../../../Library/Developer/Xcode/DerivedData/FTC_Scouting_App-fskqrpmvqvhayqdidnvmrjljvxoz/Build/Products/Debug-iphonesimulator/FBSDKCoreKit/FBSDKCoreKit.framework"; sourceTree = "<group>"; };
		7AA3120B1E27E79300607FAA /* FBSDKLoginKit.framework */ = {isa = PBXFileReference; lastKnownFileType = wrapper.framework; name = FBSDKLoginKit.framework; path = "../../../Library/Developer/Xcode/DerivedData/FTC_Scouting_App-fskqrpmvqvhayqdidnvmrjljvxoz/Build/Products/Debug-iphonesimulator/FBSDKLoginKit/FBSDKLoginKit.framework"; sourceTree = "<group>"; };
		7AAB5D551DBA76B9002762AA /* Toolbar1TableViewCell.swift */ = {isa = PBXFileReference; fileEncoding = 4; lastKnownFileType = sourcecode.swift; path = Toolbar1TableViewCell.swift; sourceTree = "<group>"; };
		7AD6BE301DA2998E00EEA481 /* TeamsViewController.swift */ = {isa = PBXFileReference; fileEncoding = 4; lastKnownFileType = sourcecode.swift; path = TeamsViewController.swift; sourceTree = "<group>"; };
		7AD6BE321DA299C700EEA481 /* AddTeamViewController.swift */ = {isa = PBXFileReference; fileEncoding = 4; lastKnownFileType = sourcecode.swift; path = AddTeamViewController.swift; sourceTree = "<group>"; };
		7AD6BE341DA29A2D00EEA481 /* JoinTeamViewController.swift */ = {isa = PBXFileReference; fileEncoding = 4; lastKnownFileType = sourcecode.swift; path = JoinTeamViewController.swift; sourceTree = "<group>"; };
		7AD6BE361DA29EA900EEA481 /* NewMatchViewController.swift */ = {isa = PBXFileReference; fileEncoding = 4; lastKnownFileType = sourcecode.swift; path = NewMatchViewController.swift; sourceTree = "<group>"; };
		7AD6BE381DA29ECA00EEA481 /* HomeViewController.swift */ = {isa = PBXFileReference; fileEncoding = 4; lastKnownFileType = sourcecode.swift; path = HomeViewController.swift; sourceTree = "<group>"; };
		7AD6BE401DA29FB600EEA481 /* TeamSettingsViewController.swift */ = {isa = PBXFileReference; fileEncoding = 4; lastKnownFileType = sourcecode.swift; path = TeamSettingsViewController.swift; sourceTree = "<group>"; };
		7AD6BE421DA2A27900EEA481 /* RankingViewController.swift */ = {isa = PBXFileReference; fileEncoding = 4; lastKnownFileType = sourcecode.swift; path = RankingViewController.swift; sourceTree = "<group>"; };
		7AD6BE441DA2A29800EEA481 /* ViewMatchViewController.swift */ = {isa = PBXFileReference; fileEncoding = 4; lastKnownFileType = sourcecode.swift; path = ViewMatchViewController.swift; sourceTree = "<group>"; };
		7AD6BE461DA2A2AD00EEA481 /* EditMatchViewController.swift */ = {isa = PBXFileReference; fileEncoding = 4; lastKnownFileType = sourcecode.swift; path = EditMatchViewController.swift; sourceTree = "<group>"; };
		7ADEC1241DB9D6D000E1EDB2 /* OpenPageViewController.swift */ = {isa = PBXFileReference; fileEncoding = 4; lastKnownFileType = sourcecode.swift; path = OpenPageViewController.swift; sourceTree = "<group>"; };
		7AE79D4B1D8B5CCC003F3EF4 /* GoogleService-Info.plist */ = {isa = PBXFileReference; fileEncoding = 4; lastKnownFileType = text.plist.xml; path = "GoogleService-Info.plist"; sourceTree = "<group>"; };
		7AFE09951D8C547A0024E3C2 /* LoginViewController.swift */ = {isa = PBXFileReference; fileEncoding = 4; lastKnownFileType = sourcecode.swift; path = LoginViewController.swift; sourceTree = "<group>"; };
/* End PBXFileReference section */

/* Begin PBXFrameworksBuildPhase section */
		7A3CC4861D667896007013AB /* Frameworks */ = {
			isa = PBXFrameworksBuildPhase;
			buildActionMask = 2147483647;
			files = (
				7AA3120C1E27E79300607FAA /* FBSDKCoreKit.framework in Frameworks */,
				7AA3120D1E27E79300607FAA /* FBSDKLoginKit.framework in Frameworks */,
			);
			runOnlyForDeploymentPostprocessing = 0;
		};
		7A3CC49A1D667896007013AB /* Frameworks */ = {
			isa = PBXFrameworksBuildPhase;
			buildActionMask = 2147483647;
			files = (
			);
			runOnlyForDeploymentPostprocessing = 0;
		};
		7A3CC4A51D667896007013AB /* Frameworks */ = {
			isa = PBXFrameworksBuildPhase;
			buildActionMask = 2147483647;
			files = (
			);
			runOnlyForDeploymentPostprocessing = 0;
		};
/* End PBXFrameworksBuildPhase section */

/* Begin PBXGroup section */
		79023C4885DBB4A2911E2432 /* Frameworks */ = {
			isa = PBXGroup;
			children = (
				7AA3120A1E27E79300607FAA /* FBSDKCoreKit.framework */,
				7AA3120B1E27E79300607FAA /* FBSDKLoginKit.framework */,
			);
			name = Frameworks;
			sourceTree = "<group>";
		};
		7A2FB0571D8B5B6C0015D09B /* Open Sans */ = {
			isa = PBXGroup;
			children = (
				7A2FB0581D8B5B6C0015D09B /* OpenSans-Bold.ttf */,
				7A2FB0591D8B5B6C0015D09B /* OpenSans-BoldItalic.ttf */,
				7A2FB05A1D8B5B6C0015D09B /* OpenSans-ExtraBold.ttf */,
				7A2FB05B1D8B5B6C0015D09B /* OpenSans-ExtraBoldItalic.ttf */,
				7A2FB05C1D8B5B6C0015D09B /* OpenSans-Italic.ttf */,
				7A2FB05D1D8B5B6C0015D09B /* OpenSans-Light.ttf */,
				7A2FB05E1D8B5B6C0015D09B /* OpenSans-LightItalic.ttf */,
				7A2FB05F1D8B5B6C0015D09B /* OpenSans-Regular.ttf */,
				7A2FB0601D8B5B6C0015D09B /* OpenSans-Semibold.ttf */,
				7A2FB0611D8B5B6C0015D09B /* OpenSans-SemiboldItalic.ttf */,
			);
			path = "Open Sans";
			sourceTree = "<group>";
		};
		7A3CC4801D667896007013AB = {
			isa = PBXGroup;
			children = (
				7A3CC48B1D667896007013AB /* FTC Scouting App */,
				7A3CC4A01D667896007013AB /* FTC Scouting AppTests */,
				7A3CC4AB1D667896007013AB /* FTC Scouting AppUITests */,
				7A3CC48A1D667896007013AB /* Products */,
				79023C4885DBB4A2911E2432 /* Frameworks */,
			);
			sourceTree = "<group>";
		};
		7A3CC48A1D667896007013AB /* Products */ = {
			isa = PBXGroup;
			children = (
				7A3CC4891D667896007013AB /* FTC Scouting App.app */,
				7A3CC49D1D667896007013AB /* FTC Scouting AppTests.xctest */,
				7A3CC4A81D667896007013AB /* FTC Scouting AppUITests.xctest */,
			);
			name = Products;
			sourceTree = "<group>";
		};
		7A3CC48B1D667896007013AB /* FTC Scouting App */ = {
			isa = PBXGroup;
			children = (
				7A2FB0571D8B5B6C0015D09B /* Open Sans */,
				7A3CC48C1D667896007013AB /* AppDelegate.swift */,
				7A3CC48E1D667896007013AB /* ViewController.swift */,
				7A3CC4901D667896007013AB /* Main.storyboard */,
				7AAB5D551DBA76B9002762AA /* Toolbar1TableViewCell.swift */,
				7ADEC1241DB9D6D000E1EDB2 /* OpenPageViewController.swift */,
				7AD6BE401DA29FB600EEA481 /* TeamSettingsViewController.swift */,
				7A4DEF3D1DC7BE4000212805 /* TeamTableViewCell.swift */,
				7AD6BE381DA29ECA00EEA481 /* HomeViewController.swift */,
				7AD6BE361DA29EA900EEA481 /* NewMatchViewController.swift */,
				7AD6BE341DA29A2D00EEA481 /* JoinTeamViewController.swift */,
				7AD6BE441DA2A29800EEA481 /* ViewMatchViewController.swift */,
				7AD6BE461DA2A2AD00EEA481 /* EditMatchViewController.swift */,
				7AD6BE421DA2A27900EEA481 /* RankingViewController.swift */,
				7AD6BE321DA299C700EEA481 /* AddTeamViewController.swift */,
				7A8393B31D9EDC200073A89A /* SignUpViewController.swift */,
				7AFE09951D8C547A0024E3C2 /* LoginViewController.swift */,
				7AD6BE301DA2998E00EEA481 /* TeamsViewController.swift */,
				7A3CC4931D667896007013AB /* Assets.xcassets */,
				7A3CC4951D667896007013AB /* LaunchScreen.storyboard */,
				7A3CC4981D667896007013AB /* Info.plist */,
				7AE79D4B1D8B5CCC003F3EF4 /* GoogleService-Info.plist */,
			);
			path = "FTC Scouting App";
			sourceTree = "<group>";
		};
		7A3CC4A01D667896007013AB /* FTC Scouting AppTests */ = {
			isa = PBXGroup;
			children = (
				7A3CC4A11D667896007013AB /* FTC_Scouting_AppTests.swift */,
				7A3CC4A31D667896007013AB /* Info.plist */,
			);
			path = "FTC Scouting AppTests";
			sourceTree = "<group>";
		};
		7A3CC4AB1D667896007013AB /* FTC Scouting AppUITests */ = {
			isa = PBXGroup;
			children = (
				7A3CC4AC1D667896007013AB /* FTC_Scouting_AppUITests.swift */,
				7A3CC4AE1D667896007013AB /* Info.plist */,
			);
			path = "FTC Scouting AppUITests";
			sourceTree = "<group>";
		};
/* End PBXGroup section */

/* Begin PBXNativeTarget section */
		7A3CC4881D667896007013AB /* FTC Scouting App */ = {
			isa = PBXNativeTarget;
			buildConfigurationList = 7A3CC4B11D667896007013AB /* Build configuration list for PBXNativeTarget "FTC Scouting App" */;
			buildPhases = (
				7A3CC4851D667896007013AB /* Sources */,
				7A3CC4861D667896007013AB /* Frameworks */,
				7A3CC4871D667896007013AB /* Resources */,
			);
			buildRules = (
			);
			dependencies = (
			);
			name = "FTC Scouting App";
			productName = "FTC Scouting App";
			productReference = 7A3CC4891D667896007013AB /* FTC Scouting App.app */;
			productType = "com.apple.product-type.application";
		};
		7A3CC49C1D667896007013AB /* FTC Scouting AppTests */ = {
			isa = PBXNativeTarget;
			buildConfigurationList = 7A3CC4B41D667896007013AB /* Build configuration list for PBXNativeTarget "FTC Scouting AppTests" */;
			buildPhases = (
				7A3CC4991D667896007013AB /* Sources */,
				7A3CC49A1D667896007013AB /* Frameworks */,
				7A3CC49B1D667896007013AB /* Resources */,
			);
			buildRules = (
			);
			dependencies = (
				7A3CC49F1D667896007013AB /* PBXTargetDependency */,
			);
			name = "FTC Scouting AppTests";
			productName = "FTC Scouting AppTests";
			productReference = 7A3CC49D1D667896007013AB /* FTC Scouting AppTests.xctest */;
			productType = "com.apple.product-type.bundle.unit-test";
		};
		7A3CC4A71D667896007013AB /* FTC Scouting AppUITests */ = {
			isa = PBXNativeTarget;
			buildConfigurationList = 7A3CC4B71D667896007013AB /* Build configuration list for PBXNativeTarget "FTC Scouting AppUITests" */;
			buildPhases = (
				7A3CC4A41D667896007013AB /* Sources */,
				7A3CC4A51D667896007013AB /* Frameworks */,
				7A3CC4A61D667896007013AB /* Resources */,
			);
			buildRules = (
			);
			dependencies = (
				7A3CC4AA1D667896007013AB /* PBXTargetDependency */,
			);
			name = "FTC Scouting AppUITests";
			productName = "FTC Scouting AppUITests";
			productReference = 7A3CC4A81D667896007013AB /* FTC Scouting AppUITests.xctest */;
			productType = "com.apple.product-type.bundle.ui-testing";
		};
/* End PBXNativeTarget section */

/* Begin PBXProject section */
		7A3CC4811D667896007013AB /* Project object */ = {
			isa = PBXProject;
			attributes = {
				LastSwiftUpdateCheck = 0730;
				LastUpgradeCheck = 0820;
				ORGANIZATIONNAME = "David Krakauer";
				TargetAttributes = {
					7A3CC4881D667896007013AB = {
						CreatedOnToolsVersion = 7.3.1;
						DevelopmentTeam = 25W5PY3VML;
						LastSwiftMigration = 0820;
					};
					7A3CC49C1D667896007013AB = {
						CreatedOnToolsVersion = 7.3.1;
						LastSwiftMigration = 0820;
						TestTargetID = 7A3CC4881D667896007013AB;
					};
					7A3CC4A71D667896007013AB = {
						CreatedOnToolsVersion = 7.3.1;
						LastSwiftMigration = 0820;
						TestTargetID = 7A3CC4881D667896007013AB;
					};
				};
			};
			buildConfigurationList = 7A3CC4841D667896007013AB /* Build configuration list for PBXProject "FTC Scouting App" */;
			compatibilityVersion = "Xcode 3.2";
			developmentRegion = English;
			hasScannedForEncodings = 0;
			knownRegions = (
				en,
				Base,
			);
			mainGroup = 7A3CC4801D667896007013AB;
			productRefGroup = 7A3CC48A1D667896007013AB /* Products */;
			projectDirPath = "";
			projectRoot = "";
			targets = (
				7A3CC4881D667896007013AB /* FTC Scouting App */,
				7A3CC49C1D667896007013AB /* FTC Scouting AppTests */,
				7A3CC4A71D667896007013AB /* FTC Scouting AppUITests */,
			);
		};
/* End PBXProject section */

/* Begin PBXResourcesBuildPhase section */
		7A3CC4871D667896007013AB /* Resources */ = {
			isa = PBXResourcesBuildPhase;
			buildActionMask = 2147483647;
			files = (
				7A2FB0661D8B5B6C0015D09B /* OpenSans-Italic.ttf in Resources */,
				7A2FB0631D8B5B6C0015D09B /* OpenSans-BoldItalic.ttf in Resources */,
				7A3CC4971D667896007013AB /* LaunchScreen.storyboard in Resources */,
				7A2FB06A1D8B5B6C0015D09B /* OpenSans-Semibold.ttf in Resources */,
				7A2FB0641D8B5B6C0015D09B /* OpenSans-ExtraBold.ttf in Resources */,
				7A3CC4941D667896007013AB /* Assets.xcassets in Resources */,
				7A2FB0681D8B5B6C0015D09B /* OpenSans-LightItalic.ttf in Resources */,
				7A3CC4921D667896007013AB /* Main.storyboard in Resources */,
				7A2FB0621D8B5B6C0015D09B /* OpenSans-Bold.ttf in Resources */,
				7A2FB06B1D8B5B6C0015D09B /* OpenSans-SemiboldItalic.ttf in Resources */,
				7A2FB0671D8B5B6C0015D09B /* OpenSans-Light.ttf in Resources */,
				7A2FB0691D8B5B6C0015D09B /* OpenSans-Regular.ttf in Resources */,
				7A2FB0651D8B5B6C0015D09B /* OpenSans-ExtraBoldItalic.ttf in Resources */,
				7AE79D4C1D8B5CCC003F3EF4 /* GoogleService-Info.plist in Resources */,
			);
			runOnlyForDeploymentPostprocessing = 0;
		};
		7A3CC49B1D667896007013AB /* Resources */ = {
			isa = PBXResourcesBuildPhase;
			buildActionMask = 2147483647;
			files = (
			);
			runOnlyForDeploymentPostprocessing = 0;
		};
		7A3CC4A61D667896007013AB /* Resources */ = {
			isa = PBXResourcesBuildPhase;
			buildActionMask = 2147483647;
			files = (
			);
			runOnlyForDeploymentPostprocessing = 0;
		};
/* End PBXResourcesBuildPhase section */

/* Begin PBXSourcesBuildPhase section */
		7A3CC4851D667896007013AB /* Sources */ = {
			isa = PBXSourcesBuildPhase;
			buildActionMask = 2147483647;
			files = (
				7AFE09961D8C547A0024E3C2 /* LoginViewController.swift in Sources */,
				7AD6BE331DA299C700EEA481 /* AddTeamViewController.swift in Sources */,
				7A3CC48F1D667896007013AB /* ViewController.swift in Sources */,
				7AD6BE451DA2A29800EEA481 /* ViewMatchViewController.swift in Sources */,
				7AD6BE411DA29FB600EEA481 /* TeamSettingsViewController.swift in Sources */,
				7AD6BE471DA2A2AD00EEA481 /* EditMatchViewController.swift in Sources */,
				7A8393B41D9EDC200073A89A /* SignUpViewController.swift in Sources */,
				7AAB5D561DBA76B9002762AA /* Toolbar1TableViewCell.swift in Sources */,
				7AD6BE311DA2998E00EEA481 /* TeamsViewController.swift in Sources */,
				7AD6BE391DA29ECA00EEA481 /* HomeViewController.swift in Sources */,
				7ADEC1251DB9D6D000E1EDB2 /* OpenPageViewController.swift in Sources */,
				7AD6BE371DA29EA900EEA481 /* NewMatchViewController.swift in Sources */,
				7A4DEF3E1DC7BE4000212805 /* TeamTableViewCell.swift in Sources */,
				7AD6BE351DA29A2D00EEA481 /* JoinTeamViewController.swift in Sources */,
				7A3CC48D1D667896007013AB /* AppDelegate.swift in Sources */,
				7AD6BE431DA2A27900EEA481 /* RankingViewController.swift in Sources */,
			);
			runOnlyForDeploymentPostprocessing = 0;
		};
		7A3CC4991D667896007013AB /* Sources */ = {
			isa = PBXSourcesBuildPhase;
			buildActionMask = 2147483647;
			files = (
				7A3CC4A21D667896007013AB /* FTC_Scouting_AppTests.swift in Sources */,
			);
			runOnlyForDeploymentPostprocessing = 0;
		};
		7A3CC4A41D667896007013AB /* Sources */ = {
			isa = PBXSourcesBuildPhase;
			buildActionMask = 2147483647;
			files = (
				7A3CC4AD1D667896007013AB /* FTC_Scouting_AppUITests.swift in Sources */,
			);
			runOnlyForDeploymentPostprocessing = 0;
		};
/* End PBXSourcesBuildPhase section */

/* Begin PBXTargetDependency section */
		7A3CC49F1D667896007013AB /* PBXTargetDependency */ = {
			isa = PBXTargetDependency;
			target = 7A3CC4881D667896007013AB /* FTC Scouting App */;
			targetProxy = 7A3CC49E1D667896007013AB /* PBXContainerItemProxy */;
		};
		7A3CC4AA1D667896007013AB /* PBXTargetDependency */ = {
			isa = PBXTargetDependency;
			target = 7A3CC4881D667896007013AB /* FTC Scouting App */;
			targetProxy = 7A3CC4A91D667896007013AB /* PBXContainerItemProxy */;
		};
/* End PBXTargetDependency section */

/* Begin PBXVariantGroup section */
		7A3CC4901D667896007013AB /* Main.storyboard */ = {
			isa = PBXVariantGroup;
			children = (
				7A3CC4911D667896007013AB /* Base */,
			);
			name = Main.storyboard;
			sourceTree = "<group>";
		};
		7A3CC4951D667896007013AB /* LaunchScreen.storyboard */ = {
			isa = PBXVariantGroup;
			children = (
				7A3CC4961D667896007013AB /* Base */,
			);
			name = LaunchScreen.storyboard;
			sourceTree = "<group>";
		};
/* End PBXVariantGroup section */

/* Begin XCBuildConfiguration section */
		7A3CC4AF1D667896007013AB /* Debug */ = {
			isa = XCBuildConfiguration;
			buildSettings = {
				ALWAYS_SEARCH_USER_PATHS = NO;
				CLANG_ANALYZER_NONNULL = YES;
				CLANG_CXX_LANGUAGE_STANDARD = "gnu++0x";
				CLANG_CXX_LIBRARY = "libc++";
				CLANG_ENABLE_MODULES = YES;
				CLANG_ENABLE_OBJC_ARC = YES;
				CLANG_WARN_BOOL_CONVERSION = YES;
				CLANG_WARN_CONSTANT_CONVERSION = YES;
				CLANG_WARN_DIRECT_OBJC_ISA_USAGE = YES_ERROR;
				CLANG_WARN_EMPTY_BODY = YES;
				CLANG_WARN_ENUM_CONVERSION = YES;
				CLANG_WARN_INFINITE_RECURSION = YES;
				CLANG_WARN_INT_CONVERSION = YES;
				CLANG_WARN_OBJC_ROOT_CLASS = YES_ERROR;
				CLANG_WARN_SUSPICIOUS_MOVE = YES;
				CLANG_WARN_UNREACHABLE_CODE = YES;
				CLANG_WARN__DUPLICATE_METHOD_MATCH = YES;
				"CODE_SIGN_IDENTITY[sdk=iphoneos*]" = "iPhone Developer";
				COPY_PHASE_STRIP = NO;
				DEBUG_INFORMATION_FORMAT = dwarf;
				ENABLE_STRICT_OBJC_MSGSEND = YES;
				ENABLE_TESTABILITY = YES;
				GCC_C_LANGUAGE_STANDARD = gnu99;
				GCC_DYNAMIC_NO_PIC = NO;
				GCC_NO_COMMON_BLOCKS = YES;
				GCC_OPTIMIZATION_LEVEL = 0;
				GCC_PREPROCESSOR_DEFINITIONS = (
					"DEBUG=1",
					"$(inherited)",
				);
				GCC_WARN_64_TO_32_BIT_CONVERSION = YES;
				GCC_WARN_ABOUT_RETURN_TYPE = YES_ERROR;
				GCC_WARN_UNDECLARED_SELECTOR = YES;
				GCC_WARN_UNINITIALIZED_AUTOS = YES_AGGRESSIVE;
				GCC_WARN_UNUSED_FUNCTION = YES;
				GCC_WARN_UNUSED_VARIABLE = YES;
				IPHONEOS_DEPLOYMENT_TARGET = 9.3;
				MTL_ENABLE_DEBUG_INFO = YES;
				ONLY_ACTIVE_ARCH = YES;
				SDKROOT = iphoneos;
				SWIFT_OPTIMIZATION_LEVEL = "-Onone";
				TARGETED_DEVICE_FAMILY = "1,2";
			};
			name = Debug;
		};
		7A3CC4B01D667896007013AB /* Release */ = {
			isa = XCBuildConfiguration;
			buildSettings = {
				ALWAYS_SEARCH_USER_PATHS = NO;
				CLANG_ANALYZER_NONNULL = YES;
				CLANG_CXX_LANGUAGE_STANDARD = "gnu++0x";
				CLANG_CXX_LIBRARY = "libc++";
				CLANG_ENABLE_MODULES = YES;
				CLANG_ENABLE_OBJC_ARC = YES;
				CLANG_WARN_BOOL_CONVERSION = YES;
				CLANG_WARN_CONSTANT_CONVERSION = YES;
				CLANG_WARN_DIRECT_OBJC_ISA_USAGE = YES_ERROR;
				CLANG_WARN_EMPTY_BODY = YES;
				CLANG_WARN_ENUM_CONVERSION = YES;
				CLANG_WARN_INFINITE_RECURSION = YES;
				CLANG_WARN_INT_CONVERSION = YES;
				CLANG_WARN_OBJC_ROOT_CLASS = YES_ERROR;
				CLANG_WARN_SUSPICIOUS_MOVE = YES;
				CLANG_WARN_UNREACHABLE_CODE = YES;
				CLANG_WARN__DUPLICATE_METHOD_MATCH = YES;
				"CODE_SIGN_IDENTITY[sdk=iphoneos*]" = "iPhone Developer";
				COPY_PHASE_STRIP = NO;
				DEBUG_INFORMATION_FORMAT = "dwarf-with-dsym";
				ENABLE_NS_ASSERTIONS = NO;
				ENABLE_STRICT_OBJC_MSGSEND = YES;
				GCC_C_LANGUAGE_STANDARD = gnu99;
				GCC_NO_COMMON_BLOCKS = YES;
				GCC_WARN_64_TO_32_BIT_CONVERSION = YES;
				GCC_WARN_ABOUT_RETURN_TYPE = YES_ERROR;
				GCC_WARN_UNDECLARED_SELECTOR = YES;
				GCC_WARN_UNINITIALIZED_AUTOS = YES_AGGRESSIVE;
				GCC_WARN_UNUSED_FUNCTION = YES;
				GCC_WARN_UNUSED_VARIABLE = YES;
				IPHONEOS_DEPLOYMENT_TARGET = 9.3;
				MTL_ENABLE_DEBUG_INFO = NO;
				SDKROOT = iphoneos;
				SWIFT_OPTIMIZATION_LEVEL = "-Owholemodule";
				TARGETED_DEVICE_FAMILY = "1,2";
				VALIDATE_PRODUCT = YES;
			};
			name = Release;
		};
		7A3CC4B21D667896007013AB /* Debug */ = {
			isa = XCBuildConfiguration;
			buildSettings = {
				ASSETCATALOG_COMPILER_APPICON_NAME = AppIcon;
				CODE_SIGN_IDENTITY = "iPhone Developer";
				"CODE_SIGN_IDENTITY[sdk=iphoneos*]" = "iPhone Developer";
				DEVELOPMENT_TEAM = 25W5PY3VML;
				FRAMEWORK_SEARCH_PATHS = (
					"$(inherited)",
					"$(PROJECT_DIR)/build/Debug-iphoneos",
				);
				INFOPLIST_FILE = "FTC Scouting App/Info.plist";
				LD_RUNPATH_SEARCH_PATHS = "$(inherited) @executable_path/Frameworks";
				PRODUCT_BUNDLE_IDENTIFIER = "BrophyRobotics.FTC-Scouting-App";
				PRODUCT_NAME = "$(TARGET_NAME)";
				PROVISIONING_PROFILE = "";
				SWIFT_VERSION = 3.0;
			};
			name = Debug;
		};
		7A3CC4B31D667896007013AB /* Release */ = {
			isa = XCBuildConfiguration;
			buildSettings = {
				ASSETCATALOG_COMPILER_APPICON_NAME = AppIcon;
				CODE_SIGN_IDENTITY = "iPhone Developer";
				"CODE_SIGN_IDENTITY[sdk=iphoneos*]" = "iPhone Developer";
				DEVELOPMENT_TEAM = 25W5PY3VML;
				FRAMEWORK_SEARCH_PATHS = (
					"$(inherited)",
					"$(PROJECT_DIR)/build/Debug-iphoneos",
				);
				INFOPLIST_FILE = "FTC Scouting App/Info.plist";
				LD_RUNPATH_SEARCH_PATHS = "$(inherited) @executable_path/Frameworks";
				PRODUCT_BUNDLE_IDENTIFIER = "BrophyRobotics.FTC-Scouting-App";
				PRODUCT_NAME = "$(TARGET_NAME)";
				PROVISIONING_PROFILE = "";
				SWIFT_VERSION = 3.0;
			};
			name = Release;
		};
		7A3CC4B51D667896007013AB /* Debug */ = {
			isa = XCBuildConfiguration;
			buildSettings = {
				BUNDLE_LOADER = "$(TEST_HOST)";
				INFOPLIST_FILE = "FTC Scouting AppTests/Info.plist";
				LD_RUNPATH_SEARCH_PATHS = "$(inherited) @executable_path/Frameworks @loader_path/Frameworks";
				PRODUCT_BUNDLE_IDENTIFIER = "BrophyRobotics.FTC-Scouting-AppTests";
				PRODUCT_NAME = "$(TARGET_NAME)";
				SWIFT_VERSION = 3.0;
				TEST_HOST = "$(BUILT_PRODUCTS_DIR)/FTC Scouting App.app/FTC Scouting App";
			};
			name = Debug;
		};
		7A3CC4B61D667896007013AB /* Release */ = {
			isa = XCBuildConfiguration;
			buildSettings = {
				BUNDLE_LOADER = "$(TEST_HOST)";
				INFOPLIST_FILE = "FTC Scouting AppTests/Info.plist";
				LD_RUNPATH_SEARCH_PATHS = "$(inherited) @executable_path/Frameworks @loader_path/Frameworks";
				PRODUCT_BUNDLE_IDENTIFIER = "BrophyRobotics.FTC-Scouting-AppTests";
				PRODUCT_NAME = "$(TARGET_NAME)";
				SWIFT_VERSION = 3.0;
				TEST_HOST = "$(BUILT_PRODUCTS_DIR)/FTC Scouting App.app/FTC Scouting App";
			};
			name = Release;
		};
		7A3CC4B81D667896007013AB /* Debug */ = {
			isa = XCBuildConfiguration;
			buildSettings = {
				INFOPLIST_FILE = "FTC Scouting AppUITests/Info.plist";
				LD_RUNPATH_SEARCH_PATHS = "$(inherited) @executable_path/Frameworks @loader_path/Frameworks";
				PRODUCT_BUNDLE_IDENTIFIER = "BrophyRobotics.FTC-Scouting-AppUITests";
				PRODUCT_NAME = "$(TARGET_NAME)";
				SWIFT_VERSION = 3.0;
				TEST_TARGET_NAME = "FTC Scouting App";
			};
			name = Debug;
		};
		7A3CC4B91D667896007013AB /* Release */ = {
			isa = XCBuildConfiguration;
			buildSettings = {
				INFOPLIST_FILE = "FTC Scouting AppUITests/Info.plist";
				LD_RUNPATH_SEARCH_PATHS = "$(inherited) @executable_path/Frameworks @loader_path/Frameworks";
				PRODUCT_BUNDLE_IDENTIFIER = "BrophyRobotics.FTC-Scouting-AppUITests";
				PRODUCT_NAME = "$(TARGET_NAME)";
				SWIFT_VERSION = 3.0;
				TEST_TARGET_NAME = "FTC Scouting App";
			};
			name = Release;
		};
/* End XCBuildConfiguration section */

/* Begin XCConfigurationList section */
		7A3CC4841D667896007013AB /* Build configuration list for PBXProject "FTC Scouting App" */ = {
			isa = XCConfigurationList;
			buildConfigurations = (
				7A3CC4AF1D667896007013AB /* Debug */,
				7A3CC4B01D667896007013AB /* Release */,
			);
			defaultConfigurationIsVisible = 0;
			defaultConfigurationName = Release;
		};
		7A3CC4B11D667896007013AB /* Build configuration list for PBXNativeTarget "FTC Scouting App" */ = {
			isa = XCConfigurationList;
			buildConfigurations = (
				7A3CC4B21D667896007013AB /* Debug */,
				7A3CC4B31D667896007013AB /* Release */,
			);
			defaultConfigurationIsVisible = 0;
			defaultConfigurationName = Release;
		};
		7A3CC4B41D667896007013AB /* Build configuration list for PBXNativeTarget "FTC Scouting AppTests" */ = {
			isa = XCConfigurationList;
			buildConfigurations = (
				7A3CC4B51D667896007013AB /* Debug */,
				7A3CC4B61D667896007013AB /* Release */,
			);
			defaultConfigurationIsVisible = 0;
			defaultConfigurationName = Release;
		};
		7A3CC4B71D667896007013AB /* Build configuration list for PBXNativeTarget "FTC Scouting AppUITests" */ = {
			isa = XCConfigurationList;
			buildConfigurations = (
				7A3CC4B81D667896007013AB /* Debug */,
				7A3CC4B91D667896007013AB /* Release */,
			);
			defaultConfigurationIsVisible = 0;
			defaultConfigurationName = Release;
		};
/* End XCConfigurationList section */
	};
	rootObject = 7A3CC4811D667896007013AB /* Project object */;
}
